
Microsoft Visual Studio Solution File, Format Version 12.00
# Visual Studio Version 17
VisualStudioVersion = 17.8.34601.278
MinimumVisualStudioVersion = 10.0.40219.1
Project("{FAE04EC0-301F-11D3-BF4B-00C04F79EFBC}") = "Blazor.AspectRatioCalculator", "Blazor.AspectRatioCalculator\Blazor.AspectRatioCalculator.csproj", "{0980EADD-5438-45A3-971E-C65F33021936}"
EndProject
Global
	GlobalSection(SolutionConfigurationPlatforms) = preSolution
		Debug|Any CPU = Debug|Any CPU
		Release|Any CPU = Release|Any CPU
	EndGlobalSection
	GlobalSection(ProjectConfigurationPlatforms) = postSolution
		{0980EADD-5438-45A3-971E-C65F33021936}.Debug|Any CPU.ActiveCfg = Debug|Any CPU
		{0980EADD-5438-45A3-971E-C65F33021936}.Debug|Any CPU.Build.0 = Debug|Any CPU
		{0980EADD-5438-45A3-971E-C65F33021936}.Release|Any CPU.ActiveCfg = Release|Any CPU
		{0980EADD-5438-45A3-971E-C65F33021936}.Release|Any CPU.Build.0 = Release|Any CPU
	EndGlobalSection
	GlobalSection(SolutionProperties) = preSolution
		HideSolutionNode = FALSE
	EndGlobalSection
	GlobalSection(ExtensibilityGlobals) = postSolution
		SolutionGuid = {6F5C32C7-F36D-402E-9420-9C29C044DC59}
	EndGlobalSection
EndGlobal
